
Microsoft Visual Studio Solution File, Format Version 12.00
# Visual Studio Version 17
VisualStudioVersion = 17.4.33205.214
MinimumVisualStudioVersion = 10.0.40219.1
Project("{FAE04EC0-301F-11D3-BF4B-00C04F79EFBC}") = "WindowsFormsApp_timer", "WindowsFormsApp_timer.csproj", "{A667F765-ED67-4AF0-B540-20E903866989}"
EndProject
Global
	GlobalSection(SolutionConfigurationPlatforms) = preSolution
		Debug|Any CPU = Debug|Any CPU
		Release|Any CPU = Release|Any CPU
	EndGlobalSection
	GlobalSection(ProjectConfigurationPlatforms) = postSolution
		{A667F765-ED67-4AF0-B540-20E903866989}.Debug|Any CPU.ActiveCfg = Debug|Any CPU
		{A667F765-ED67-4AF0-B540-20E903866989}.Debug|Any CPU.Build.0 = Debug|Any CPU
		{A667F765-ED67-4AF0-B540-20E903866989}.Release|Any CPU.ActiveCfg = Release|Any CPU
		{A667F765-ED67-4AF0-B540-20E903866989}.Release|Any CPU.Build.0 = Release|Any CPU
	EndGlobalSection
	GlobalSection(SolutionProperties) = preSolution
		HideSolutionNode = FALSE
	EndGlobalSection
	GlobalSection(ExtensibilityGlobals) = postSolution
		SolutionGuid = {1AB76036-4C80-4563-AF32-BA75E293E96C}
	EndGlobalSection
EndGlobal
